// !$*UTF8*$!
{
	archiveVersion = 1;
	classes = {
	};
	objectVersion = 56;
	objects = {

/* Begin PBXBuildFile section */
		0133888A29A2778E0050FFDB /* Player.swift in Sources */ = {isa = PBXBuildFile; fileRef = 0133888929A2778E0050FFDB /* Player.swift */; };
		0133888C29A277F80050FFDB /* Dealer.swift in Sources */ = {isa = PBXBuildFile; fileRef = 0133888B29A277F80050FFDB /* Dealer.swift */; };
		0133888E29A278590050FFDB /* DealerViewModel.swift in Sources */ = {isa = PBXBuildFile; fileRef = 0133888D29A278590050FFDB /* DealerViewModel.swift */; };
		0133889029A2787F0050FFDB /* PlayerViewModel.swift in Sources */ = {isa = PBXBuildFile; fileRef = 0133888F29A2787F0050FFDB /* PlayerViewModel.swift */; };
		01C2C85429A35EF200E4D5E8 /* Players.swift in Sources */ = {isa = PBXBuildFile; fileRef = 01C2C85329A35EF200E4D5E8 /* Players.swift */; };
		01C2C85629A3B0B000E4D5E8 /* DealerHeadeView.swift in Sources */ = {isa = PBXBuildFile; fileRef = 01C2C85529A3B0B000E4D5E8 /* DealerHeadeView.swift */; };
		01C2C85829A3B4A600E4D5E8 /* GameCardView.swift in Sources */ = {isa = PBXBuildFile; fileRef = 01C2C85729A3B4A600E4D5E8 /* GameCardView.swift */; };
		01C2C85A29A3C09200E4D5E8 /* PlayerHeaderView.swift in Sources */ = {isa = PBXBuildFile; fileRef = 01C2C85929A3C09200E4D5E8 /* PlayerHeaderView.swift */; };
		01D7295229A22C6200DE36A0 /* twentyoneApp.swift in Sources */ = {isa = PBXBuildFile; fileRef = 01D7295129A22C6200DE36A0 /* twentyoneApp.swift */; };
		01D7295429A22C6200DE36A0 /* TwentyOne.swift in Sources */ = {isa = PBXBuildFile; fileRef = 01D7295329A22C6200DE36A0 /* TwentyOne.swift */; };
		01D7295629A22C6200DE36A0 /* Assets.xcassets in Resources */ = {isa = PBXBuildFile; fileRef = 01D7295529A22C6200DE36A0 /* Assets.xcassets */; };
		01D7295A29A22C6200DE36A0 /* Preview Assets.xcassets in Resources */ = {isa = PBXBuildFile; fileRef = 01D7295929A22C6200DE36A0 /* Preview Assets.xcassets */; };
		01D7296529A22DAE00DE36A0 /* DeckModel.swift in Sources */ = {isa = PBXBuildFile; fileRef = 01D7296429A22DAE00DE36A0 /* DeckModel.swift */; };
		01D7296D29A22DE200DE36A0 /* twentyoneTests.swift in Sources */ = {isa = PBXBuildFile; fileRef = 01D7296C29A22DE200DE36A0 /* twentyoneTests.swift */; };
		01D7297429A23A0300DE36A0 /* DeckViewModel.swift in Sources */ = {isa = PBXBuildFile; fileRef = 01D7297329A23A0300DE36A0 /* DeckViewModel.swift */; };
		01D7297629A23A7A00DE36A0 /* NetworkService.swift in Sources */ = {isa = PBXBuildFile; fileRef = 01D7297529A23A7A00DE36A0 /* NetworkService.swift */; };
/* End PBXBuildFile section */

/* Begin PBXContainerItemProxy section */
		01D7296E29A22DE200DE36A0 /* PBXContainerItemProxy */ = {
			isa = PBXContainerItemProxy;
			containerPortal = 01D7294629A22C6200DE36A0 /* Project object */;
			proxyType = 1;
			remoteGlobalIDString = 01D7294D29A22C6200DE36A0;
			remoteInfo = twentyone;
		};
/* End PBXContainerItemProxy section */

/* Begin PBXFileReference section */
		0133888929A2778E0050FFDB /* Player.swift */ = {isa = PBXFileReference; lastKnownFileType = sourcecode.swift; path = Player.swift; sourceTree = "<group>"; };
		0133888B29A277F80050FFDB /* Dealer.swift */ = {isa = PBXFileReference; lastKnownFileType = sourcecode.swift; path = Dealer.swift; sourceTree = "<group>"; };
		0133888D29A278590050FFDB /* DealerViewModel.swift */ = {isa = PBXFileReference; lastKnownFileType = sourcecode.swift; path = DealerViewModel.swift; sourceTree = "<group>"; };
		0133888F29A2787F0050FFDB /* PlayerViewModel.swift */ = {isa = PBXFileReference; lastKnownFileType = sourcecode.swift; path = PlayerViewModel.swift; sourceTree = "<group>"; };
		01C2C85329A35EF200E4D5E8 /* Players.swift */ = {isa = PBXFileReference; lastKnownFileType = sourcecode.swift; path = Players.swift; sourceTree = "<group>"; };
		01C2C85529A3B0B000E4D5E8 /* DealerHeadeView.swift */ = {isa = PBXFileReference; lastKnownFileType = sourcecode.swift; path = DealerHeadeView.swift; sourceTree = "<group>"; };
		01C2C85729A3B4A600E4D5E8 /* GameCardView.swift */ = {isa = PBXFileReference; lastKnownFileType = sourcecode.swift; path = GameCardView.swift; sourceTree = "<group>"; };
		01C2C85929A3C09200E4D5E8 /* PlayerHeaderView.swift */ = {isa = PBXFileReference; lastKnownFileType = sourcecode.swift; path = PlayerHeaderView.swift; sourceTree = "<group>"; };
		01D7294E29A22C6200DE36A0 /* twentyone.app */ = {isa = PBXFileReference; explicitFileType = wrapper.application; includeInIndex = 0; path = twentyone.app; sourceTree = BUILT_PRODUCTS_DIR; };
		01D7295129A22C6200DE36A0 /* twentyoneApp.swift */ = {isa = PBXFileReference; lastKnownFileType = sourcecode.swift; path = twentyoneApp.swift; sourceTree = "<group>"; };
		01D7295329A22C6200DE36A0 /* TwentyOne.swift */ = {isa = PBXFileReference; lastKnownFileType = sourcecode.swift; path = TwentyOne.swift; sourceTree = "<group>"; };
		01D7295529A22C6200DE36A0 /* Assets.xcassets */ = {isa = PBXFileReference; lastKnownFileType = folder.assetcatalog; path = Assets.xcassets; sourceTree = "<group>"; };
		01D7295729A22C6200DE36A0 /* twentyone.entitlements */ = {isa = PBXFileReference; lastKnownFileType = text.plist.entitlements; path = twentyone.entitlements; sourceTree = "<group>"; };
		01D7295929A22C6200DE36A0 /* Preview Assets.xcassets */ = {isa = PBXFileReference; lastKnownFileType = folder.assetcatalog; path = "Preview Assets.xcassets"; sourceTree = "<group>"; };
		01D7296429A22DAE00DE36A0 /* DeckModel.swift */ = {isa = PBXFileReference; lastKnownFileType = sourcecode.swift; path = DeckModel.swift; sourceTree = "<group>"; };
		01D7296A29A22DE200DE36A0 /* twentyoneTests.xctest */ = {isa = PBXFileReference; explicitFileType = wrapper.cfbundle; includeInIndex = 0; path = twentyoneTests.xctest; sourceTree = BUILT_PRODUCTS_DIR; };
		01D7296C29A22DE200DE36A0 /* twentyoneTests.swift */ = {isa = PBXFileReference; lastKnownFileType = sourcecode.swift; path = twentyoneTests.swift; sourceTree = "<group>"; };
		01D7297329A23A0300DE36A0 /* DeckViewModel.swift */ = {isa = PBXFileReference; lastKnownFileType = sourcecode.swift; path = DeckViewModel.swift; sourceTree = "<group>"; };
		01D7297529A23A7A00DE36A0 /* NetworkService.swift */ = {isa = PBXFileReference; lastKnownFileType = sourcecode.swift; path = NetworkService.swift; sourceTree = "<group>"; };
/* End PBXFileReference section */

/* Begin PBXFrameworksBuildPhase section */
		01D7294B29A22C6200DE36A0 /* Frameworks */ = {
			isa = PBXFrameworksBuildPhase;
			buildActionMask = 2147483647;
			files = (
			);
			runOnlyForDeploymentPostprocessing = 0;
		};
		01D7296729A22DE200DE36A0 /* Frameworks */ = {
			isa = PBXFrameworksBuildPhase;
			buildActionMask = 2147483647;
			files = (
			);
			runOnlyForDeploymentPostprocessing = 0;
		};
/* End PBXFrameworksBuildPhase section */

/* Begin PBXGroup section */
		01D7294529A22C6200DE36A0 = {
			isa = PBXGroup;
			children = (
				01D7295029A22C6200DE36A0 /* twentyone */,
				01D7296B29A22DE200DE36A0 /* twentyoneTests */,
				01D7294F29A22C6200DE36A0 /* Products */,
			);
			sourceTree = "<group>";
		};
		01D7294F29A22C6200DE36A0 /* Products */ = {
			isa = PBXGroup;
			children = (
				01D7294E29A22C6200DE36A0 /* twentyone.app */,
				01D7296A29A22DE200DE36A0 /* twentyoneTests.xctest */,
			);
			name = Products;
			sourceTree = "<group>";
		};
		01D7295029A22C6200DE36A0 /* twentyone */ = {
			isa = PBXGroup;
			children = (
				01D7296329A22CA800DE36A0 /* View */,
				01D7296229A22C9600DE36A0 /* ViewModel */,
				01D7296129A22C8C00DE36A0 /* Model */,
				01D7296029A22C8500DE36A0 /* Service */,
				01D7295129A22C6200DE36A0 /* twentyoneApp.swift */,
				01D7295529A22C6200DE36A0 /* Assets.xcassets */,
				01D7295729A22C6200DE36A0 /* twentyone.entitlements */,
				01D7295829A22C6200DE36A0 /* Preview Content */,
			);
			path = twentyone;
			sourceTree = "<group>";
		};
		01D7295829A22C6200DE36A0 /* Preview Content */ = {
			isa = PBXGroup;
			children = (
				01D7295929A22C6200DE36A0 /* Preview Assets.xcassets */,
			);
			path = "Preview Content";
			sourceTree = "<group>";
		};
		01D7296029A22C8500DE36A0 /* Service */ = {
			isa = PBXGroup;
			children = (
				01D7297529A23A7A00DE36A0 /* NetworkService.swift */,
			);
			path = Service;
			sourceTree = "<group>";
		};
		01D7296129A22C8C00DE36A0 /* Model */ = {
			isa = PBXGroup;
			children = (
				01D7296429A22DAE00DE36A0 /* DeckModel.swift */,
				0133888929A2778E0050FFDB /* Player.swift */,
				0133888B29A277F80050FFDB /* Dealer.swift */,
			);
			path = Model;
			sourceTree = "<group>";
		};
		01D7296229A22C9600DE36A0 /* ViewModel */ = {
			isa = PBXGroup;
			children = (
				01D7297329A23A0300DE36A0 /* DeckViewModel.swift */,
				0133888D29A278590050FFDB /* DealerViewModel.swift */,
				0133888F29A2787F0050FFDB /* PlayerViewModel.swift */,
				01C2C85329A35EF200E4D5E8 /* Players.swift */,
			);
			path = ViewModel;
			sourceTree = "<group>";
		};
		01D7296329A22CA800DE36A0 /* View */ = {
			isa = PBXGroup;
			children = (
				01D7295329A22C6200DE36A0 /* TwentyOne.swift */,
				01C2C85529A3B0B000E4D5E8 /* DealerHeadeView.swift */,
				01C2C85729A3B4A600E4D5E8 /* GameCardView.swift */,
				01C2C85929A3C09200E4D5E8 /* PlayerHeaderView.swift */,
			);
			path = View;
			sourceTree = "<group>";
		};
		01D7296B29A22DE200DE36A0 /* twentyoneTests */ = {
			isa = PBXGroup;
			children = (
				01D7296C29A22DE200DE36A0 /* twentyoneTests.swift */,
			);
			path = twentyoneTests;
			sourceTree = "<group>";
		};
/* End PBXGroup section */

/* Begin PBXNativeTarget section */
		01D7294D29A22C6200DE36A0 /* twentyone */ = {
			isa = PBXNativeTarget;
			buildConfigurationList = 01D7295D29A22C6200DE36A0 /* Build configuration list for PBXNativeTarget "twentyone" */;
			buildPhases = (
				01D7294A29A22C6200DE36A0 /* Sources */,
				01D7294B29A22C6200DE36A0 /* Frameworks */,
				01D7294C29A22C6200DE36A0 /* Resources */,
			);
			buildRules = (
			);
			dependencies = (
			);
			name = twentyone;
			productName = twentyone;
			productReference = 01D7294E29A22C6200DE36A0 /* twentyone.app */;
			productType = "com.apple.product-type.application";
		};
		01D7296929A22DE200DE36A0 /* twentyoneTests */ = {
			isa = PBXNativeTarget;
			buildConfigurationList = 01D7297029A22DE200DE36A0 /* Build configuration list for PBXNativeTarget "twentyoneTests" */;
			buildPhases = (
				01D7296629A22DE200DE36A0 /* Sources */,
				01D7296729A22DE200DE36A0 /* Frameworks */,
				01D7296829A22DE200DE36A0 /* Resources */,
			);
			buildRules = (
			);
			dependencies = (
				01D7296F29A22DE200DE36A0 /* PBXTargetDependency */,
			);
			name = twentyoneTests;
			productName = twentyoneTests;
			productReference = 01D7296A29A22DE200DE36A0 /* twentyoneTests.xctest */;
			productType = "com.apple.product-type.bundle.unit-test";
		};
/* End PBXNativeTarget section */

/* Begin PBXProject section */
		01D7294629A22C6200DE36A0 /* Project object */ = {
			isa = PBXProject;
			attributes = {
				BuildIndependentTargetsInParallel = 1;
				LastSwiftUpdateCheck = 1410;
				LastUpgradeCheck = 1410;
				TargetAttributes = {
					01D7294D29A22C6200DE36A0 = {
						CreatedOnToolsVersion = 14.1;
					};
					01D7296929A22DE200DE36A0 = {
						CreatedOnToolsVersion = 14.1;
						TestTargetID = 01D7294D29A22C6200DE36A0;
					};
				};
			};
			buildConfigurationList = 01D7294929A22C6200DE36A0 /* Build configuration list for PBXProject "twentyone" */;
			compatibilityVersion = "Xcode 14.0";
			developmentRegion = en;
			hasScannedForEncodings = 0;
			knownRegions = (
				en,
				Base,
			);
			mainGroup = 01D7294529A22C6200DE36A0;
			productRefGroup = 01D7294F29A22C6200DE36A0 /* Products */;
			projectDirPath = "";
			projectRoot = "";
			targets = (
				01D7294D29A22C6200DE36A0 /* twentyone */,
				01D7296929A22DE200DE36A0 /* twentyoneTests */,
			);
		};
/* End PBXProject section */

/* Begin PBXResourcesBuildPhase section */
		01D7294C29A22C6200DE36A0 /* Resources */ = {
			isa = PBXResourcesBuildPhase;
			buildActionMask = 2147483647;
			files = (
				01D7295A29A22C6200DE36A0 /* Preview Assets.xcassets in Resources */,
				01D7295629A22C6200DE36A0 /* Assets.xcassets in Resources */,
			);
			runOnlyForDeploymentPostprocessing = 0;
		};
		01D7296829A22DE200DE36A0 /* Resources */ = {
			isa = PBXResourcesBuildPhase;
			buildActionMask = 2147483647;
			files = (
			);
			runOnlyForDeploymentPostprocessing = 0;
		};
/* End PBXResourcesBuildPhase section */

/* Begin PBXSourcesBuildPhase section */
		01D7294A29A22C6200DE36A0 /* Sources */ = {
			isa = PBXSourcesBuildPhase;
			buildActionMask = 2147483647;
			files = (
				0133889029A2787F0050FFDB /* PlayerViewModel.swift in Sources */,
				01D7297629A23A7A00DE36A0 /* NetworkService.swift in Sources */,
				0133888E29A278590050FFDB /* DealerViewModel.swift in Sources */,
				01D7295429A22C6200DE36A0 /* TwentyOne.swift in Sources */,
				01C2C85829A3B4A600E4D5E8 /* GameCardView.swift in Sources */,
				0133888C29A277F80050FFDB /* Dealer.swift in Sources */,
				01D7297429A23A0300DE36A0 /* DeckViewModel.swift in Sources */,
				01C2C85429A35EF200E4D5E8 /* Players.swift in Sources */,
				01C2C85629A3B0B000E4D5E8 /* DealerHeadeView.swift in Sources */,
				01C2C85A29A3C09200E4D5E8 /* PlayerHeaderView.swift in Sources */,
				01D7296529A22DAE00DE36A0 /* DeckModel.swift in Sources */,
				0133888A29A2778E0050FFDB /* Player.swift in Sources */,
				01D7295229A22C6200DE36A0 /* twentyoneApp.swift in Sources */,
			);
			runOnlyForDeploymentPostprocessing = 0;
		};
		01D7296629A22DE200DE36A0 /* Sources */ = {
			isa = PBXSourcesBuildPhase;
			buildActionMask = 2147483647;
			files = (
				01D7296D29A22DE200DE36A0 /* twentyoneTests.swift in Sources */,
			);
			runOnlyForDeploymentPostprocessing = 0;
		};
/* End PBXSourcesBuildPhase section */

/* Begin PBXTargetDependency section */
		01D7296F29A22DE200DE36A0 /* PBXTargetDependency */ = {
			isa = PBXTargetDependency;
			target = 01D7294D29A22C6200DE36A0 /* twentyone */;
			targetProxy = 01D7296E29A22DE200DE36A0 /* PBXContainerItemProxy */;
		};
/* End PBXTargetDependency section */

/* Begin XCBuildConfiguration section */
		01D7295B29A22C6200DE36A0 /* Debug */ = {
			isa = XCBuildConfiguration;
			buildSettings = {
				ALWAYS_SEARCH_USER_PATHS = NO;
				CLANG_ANALYZER_NONNULL = YES;
				CLANG_ANALYZER_NUMBER_OBJECT_CONVERSION = YES_AGGRESSIVE;
				CLANG_CXX_LANGUAGE_STANDARD = "gnu++20";
				CLANG_ENABLE_MODULES = YES;
				CLANG_ENABLE_OBJC_ARC = YES;
				CLANG_ENABLE_OBJC_WEAK = YES;
				CLANG_WARN_BLOCK_CAPTURE_AUTORELEASING = YES;
				CLANG_WARN_BOOL_CONVERSION = YES;
				CLANG_WARN_COMMA = YES;
				CLANG_WARN_CONSTANT_CONVERSION = YES;
				CLANG_WARN_DEPRECATED_OBJC_IMPLEMENTATIONS = YES;
				CLANG_WARN_DIRECT_OBJC_ISA_USAGE = YES_ERROR;
				CLANG_WARN_DOCUMENTATION_COMMENTS = YES;
				CLANG_WARN_EMPTY_BODY = YES;
				CLANG_WARN_ENUM_CONVERSION = YES;
				CLANG_WARN_INFINITE_RECURSION = YES;
				CLANG_WARN_INT_CONVERSION = YES;
				CLANG_WARN_NON_LITERAL_NULL_CONVERSION = YES;
				CLANG_WARN_OBJC_IMPLICIT_RETAIN_SELF = YES;
				CLANG_WARN_OBJC_LITERAL_CONVERSION = YES;
				CLANG_WARN_OBJC_ROOT_CLASS = YES_ERROR;
				CLANG_WARN_QUOTED_INCLUDE_IN_FRAMEWORK_HEADER = YES;
				CLANG_WARN_RANGE_LOOP_ANALYSIS = YES;
				CLANG_WARN_STRICT_PROTOTYPES = YES;
				CLANG_WARN_SUSPICIOUS_MOVE = YES;
				CLANG_WARN_UNGUARDED_AVAILABILITY = YES_AGGRESSIVE;
				CLANG_WARN_UNREACHABLE_CODE = YES;
				CLANG_WARN__DUPLICATE_METHOD_MATCH = YES;
				COPY_PHASE_STRIP = NO;
				DEBUG_INFORMATION_FORMAT = dwarf;
				ENABLE_STRICT_OBJC_MSGSEND = YES;
				ENABLE_TESTABILITY = YES;
				GCC_C_LANGUAGE_STANDARD = gnu11;
				GCC_DYNAMIC_NO_PIC = NO;
				GCC_NO_COMMON_BLOCKS = YES;
				GCC_OPTIMIZATION_LEVEL = 0;
				GCC_PREPROCESSOR_DEFINITIONS = (
					"DEBUG=1",
					"$(inherited)",
				);
				GCC_WARN_64_TO_32_BIT_CONVERSION = YES;
				GCC_WARN_ABOUT_RETURN_TYPE = YES_ERROR;
				GCC_WARN_UNDECLARED_SELECTOR = YES;
				GCC_WARN_UNINITIALIZED_AUTOS = YES_AGGRESSIVE;
				GCC_WARN_UNUSED_FUNCTION = YES;
				GCC_WARN_UNUSED_VARIABLE = YES;
				MTL_ENABLE_DEBUG_INFO = INCLUDE_SOURCE;
				MTL_FAST_MATH = YES;
				ONLY_ACTIVE_ARCH = YES;
				SWIFT_ACTIVE_COMPILATION_CONDITIONS = DEBUG;
				SWIFT_OPTIMIZATION_LEVEL = "-Onone";
			};
			name = Debug;
		};
		01D7295C29A22C6200DE36A0 /* Release */ = {
			isa = XCBuildConfiguration;
			buildSettings = {
				ALWAYS_SEARCH_USER_PATHS = NO;
				CLANG_ANALYZER_NONNULL = YES;
				CLANG_ANALYZER_NUMBER_OBJECT_CONVERSION = YES_AGGRESSIVE;
				CLANG_CXX_LANGUAGE_STANDARD = "gnu++20";
				CLANG_ENABLE_MODULES = YES;
				CLANG_ENABLE_OBJC_ARC = YES;
				CLANG_ENABLE_OBJC_WEAK = YES;
				CLANG_WARN_BLOCK_CAPTURE_AUTORELEASING = YES;
				CLANG_WARN_BOOL_CONVERSION = YES;
				CLANG_WARN_COMMA = YES;
				CLANG_WARN_CONSTANT_CONVERSION = YES;
				CLANG_WARN_DEPRECATED_OBJC_IMPLEMENTATIONS = YES;
				CLANG_WARN_DIRECT_OBJC_ISA_USAGE = YES_ERROR;
				CLANG_WARN_DOCUMENTATION_COMMENTS = YES;
				CLANG_WARN_EMPTY_BODY = YES;
				CLANG_WARN_ENUM_CONVERSION = YES;
				CLANG_WARN_INFINITE_RECURSION = YES;
				CLANG_WARN_INT_CONVERSION = YES;
				CLANG_WARN_NON_LITERAL_NULL_CONVERSION = YES;
				CLANG_WARN_OBJC_IMPLICIT_RETAIN_SELF = YES;
				CLANG_WARN_OBJC_LITERAL_CONVERSION = YES;
				CLANG_WARN_OBJC_ROOT_CLASS = YES_ERROR;
				CLANG_WARN_QUOTED_INCLUDE_IN_FRAMEWORK_HEADER = YES;
				CLANG_WARN_RANGE_LOOP_ANALYSIS = YES;
				CLANG_WARN_STRICT_PROTOTYPES = YES;
				CLANG_WARN_SUSPICIOUS_MOVE = YES;
				CLANG_WARN_UNGUARDED_AVAILABILITY = YES_AGGRESSIVE;
				CLANG_WARN_UNREACHABLE_CODE = YES;
				CLANG_WARN__DUPLICATE_METHOD_MATCH = YES;
				COPY_PHASE_STRIP = NO;
				DEBUG_INFORMATION_FORMAT = "dwarf-with-dsym";
				ENABLE_NS_ASSERTIONS = NO;
				ENABLE_STRICT_OBJC_MSGSEND = YES;
				GCC_C_LANGUAGE_STANDARD = gnu11;
				GCC_NO_COMMON_BLOCKS = YES;
				GCC_WARN_64_TO_32_BIT_CONVERSION = YES;
				GCC_WARN_ABOUT_RETURN_TYPE = YES_ERROR;
				GCC_WARN_UNDECLARED_SELECTOR = YES;
				GCC_WARN_UNINITIALIZED_AUTOS = YES_AGGRESSIVE;
				GCC_WARN_UNUSED_FUNCTION = YES;
				GCC_WARN_UNUSED_VARIABLE = YES;
				MTL_ENABLE_DEBUG_INFO = NO;
				MTL_FAST_MATH = YES;
				SWIFT_COMPILATION_MODE = wholemodule;
				SWIFT_OPTIMIZATION_LEVEL = "-O";
			};
			name = Release;
		};
		01D7295E29A22C6200DE36A0 /* Debug */ = {
			isa = XCBuildConfiguration;
			buildSettings = {
				ASSETCATALOG_COMPILER_APPICON_NAME = AppIcon;
				ASSETCATALOG_COMPILER_GLOBAL_ACCENT_COLOR_NAME = AccentColor;
				CODE_SIGN_ENTITLEMENTS = twentyone/twentyone.entitlements;
				CODE_SIGN_STYLE = Automatic;
				CURRENT_PROJECT_VERSION = 1;
				DEVELOPMENT_ASSET_PATHS = "\"twentyone/Preview Content\"";
				DEVELOPMENT_TEAM = 4NUH9696GL;
				ENABLE_HARDENED_RUNTIME = YES;
				ENABLE_PREVIEWS = YES;
				GENERATE_INFOPLIST_FILE = YES;
				"INFOPLIST_KEY_UIApplicationSceneManifest_Generation[sdk=iphoneos*]" = YES;
				"INFOPLIST_KEY_UIApplicationSceneManifest_Generation[sdk=iphonesimulator*]" = YES;
				"INFOPLIST_KEY_UIApplicationSupportsIndirectInputEvents[sdk=iphoneos*]" = YES;
				"INFOPLIST_KEY_UIApplicationSupportsIndirectInputEvents[sdk=iphonesimulator*]" = YES;
				"INFOPLIST_KEY_UILaunchScreen_Generation[sdk=iphoneos*]" = YES;
				"INFOPLIST_KEY_UILaunchScreen_Generation[sdk=iphonesimulator*]" = YES;
				"INFOPLIST_KEY_UIStatusBarStyle[sdk=iphoneos*]" = UIStatusBarStyleDefault;
				"INFOPLIST_KEY_UIStatusBarStyle[sdk=iphonesimulator*]" = UIStatusBarStyleDefault;
				INFOPLIST_KEY_UISupportedInterfaceOrientations = UIInterfaceOrientationPortrait;
				INFOPLIST_KEY_UISupportedInterfaceOrientations_iPad = "UIInterfaceOrientationLandscapeLeft UIInterfaceOrientationLandscapeRight UIInterfaceOrientationPortrait UIInterfaceOrientationPortraitUpsideDown";
				IPHONEOS_DEPLOYMENT_TARGET = 16.1;
				LD_RUNPATH_SEARCH_PATHS = "@executable_path/Frameworks";
				"LD_RUNPATH_SEARCH_PATHS[sdk=macosx*]" = "@executable_path/../Frameworks";
				MACOSX_DEPLOYMENT_TARGET = 12.6;
				MARKETING_VERSION = 1.0;
				PRODUCT_BUNDLE_IDENTIFIER = com.valdal14.twentyone;
				PRODUCT_NAME = "$(TARGET_NAME)";
				SDKROOT = auto;
				SUPPORTED_PLATFORMS = "iphoneos iphonesimulator";
				SUPPORTS_MACCATALYST = NO;
				SUPPORTS_MAC_DESIGNED_FOR_IPHONE_IPAD = NO;
				SWIFT_EMIT_LOC_STRINGS = YES;
				SWIFT_VERSION = 5.0;
				TARGETED_DEVICE_FAMILY = 1;
			};
			name = Debug;
		};
		01D7295F29A22C6200DE36A0 /* Release */ = {
			isa = XCBuildConfiguration;
			buildSettings = {
				ASSETCATALOG_COMPILER_APPICON_NAME = AppIcon;
				ASSETCATALOG_COMPILER_GLOBAL_ACCENT_COLOR_NAME = AccentColor;
				CODE_SIGN_ENTITLEMENTS = twentyone/twentyone.entitlements;
				CODE_SIGN_STYLE = Automatic;
				CURRENT_PROJECT_VERSION = 1;
				DEVELOPMENT_ASSET_PATHS = "\"twentyone/Preview Content\"";
				DEVELOPMENT_TEAM = 4NUH9696GL;
				ENABLE_HARDENED_RUNTIME = YES;
				ENABLE_PREVIEWS = YES;
				GENERATE_INFOPLIST_FILE = YES;
				"INFOPLIST_KEY_UIApplicationSceneManifest_Generation[sdk=iphoneos*]" = YES;
				"INFOPLIST_KEY_UIApplicationSceneManifest_Generation[sdk=iphonesimulator*]" = YES;
				"INFOPLIST_KEY_UIApplicationSupportsIndirectInputEvents[sdk=iphoneos*]" = YES;
				"INFOPLIST_KEY_UIApplicationSupportsIndirectInputEvents[sdk=iphonesimulator*]" = YES;
				"INFOPLIST_KEY_UILaunchScreen_Generation[sdk=iphoneos*]" = YES;
				"INFOPLIST_KEY_UILaunchScreen_Generation[sdk=iphonesimulator*]" = YES;
				"INFOPLIST_KEY_UIStatusBarStyle[sdk=iphoneos*]" = UIStatusBarStyleDefault;
				"INFOPLIST_KEY_UIStatusBarStyle[sdk=iphonesimulator*]" = UIStatusBarStyleDefault;
				INFOPLIST_KEY_UISupportedInterfaceOrientations = UIInterfaceOrientationPortrait;
				INFOPLIST_KEY_UISupportedInterfaceOrientations_iPad = "UIInterfaceOrientationLandscapeLeft UIInterfaceOrientationLandscapeRight UIInterfaceOrientationPortrait UIInterfaceOrientationPortraitUpsideDown";
				IPHONEOS_DEPLOYMENT_TARGET = 16.1;
				LD_RUNPATH_SEARCH_PATHS = "@executable_path/Frameworks";
				"LD_RUNPATH_SEARCH_PATHS[sdk=macosx*]" = "@executable_path/../Frameworks";
				MACOSX_DEPLOYMENT_TARGET = 12.6;
				MARKETING_VERSION = 1.0;
				PRODUCT_BUNDLE_IDENTIFIER = com.valdal14.twentyone;
				PRODUCT_NAME = "$(TARGET_NAME)";
				SDKROOT = auto;
				SUPPORTED_PLATFORMS = "iphoneos iphonesimulator";
				SUPPORTS_MACCATALYST = NO;
				SUPPORTS_MAC_DESIGNED_FOR_IPHONE_IPAD = NO;
				SWIFT_EMIT_LOC_STRINGS = YES;
				SWIFT_VERSION = 5.0;
				TARGETED_DEVICE_FAMILY = 1;
			};
			name = Release;
		};
		01D7297129A22DE200DE36A0 /* Debug */ = {
			isa = XCBuildConfiguration;
			buildSettings = {
				BUNDLE_LOADER = "$(TEST_HOST)";
				CODE_SIGN_STYLE = Automatic;
				CURRENT_PROJECT_VERSION = 1;
				DEVELOPMENT_TEAM = 4NUH9696GL;
				GENERATE_INFOPLIST_FILE = YES;
				IPHONEOS_DEPLOYMENT_TARGET = 16.1;
				MARKETING_VERSION = 1.0;
				PRODUCT_BUNDLE_IDENTIFIER = com.valdal14.twentyoneTests;
				PRODUCT_NAME = "$(TARGET_NAME)";
				SDKROOT = iphoneos;
				SWIFT_EMIT_LOC_STRINGS = NO;
				SWIFT_VERSION = 5.0;
				TARGETED_DEVICE_FAMILY = "1,2";
				TEST_HOST = "$(BUILT_PRODUCTS_DIR)/twentyone.app/$(BUNDLE_EXECUTABLE_FOLDER_PATH)/twentyone";
			};
			name = Debug;
		};
		01D7297229A22DE200DE36A0 /* Release */ = {
			isa = XCBuildConfiguration;
			buildSettings = {
				BUNDLE_LOADER = "$(TEST_HOST)";
				CODE_SIGN_STYLE = Automatic;
				CURRENT_PROJECT_VERSION = 1;
				DEVELOPMENT_TEAM = 4NUH9696GL;
				GENERATE_INFOPLIST_FILE = YES;
				IPHONEOS_DEPLOYMENT_TARGET = 16.1;
				MARKETING_VERSION = 1.0;
				PRODUCT_BUNDLE_IDENTIFIER = com.valdal14.twentyoneTests;
				PRODUCT_NAME = "$(TARGET_NAME)";
				SDKROOT = iphoneos;
				SWIFT_EMIT_LOC_STRINGS = NO;
				SWIFT_VERSION = 5.0;
				TARGETED_DEVICE_FAMILY = "1,2";
				TEST_HOST = "$(BUILT_PRODUCTS_DIR)/twentyone.app/$(BUNDLE_EXECUTABLE_FOLDER_PATH)/twentyone";
				VALIDATE_PRODUCT = YES;
			};
			name = Release;
		};
/* End XCBuildConfiguration section */

/* Begin XCConfigurationList section */
		01D7294929A22C6200DE36A0 /* Build configuration list for PBXProject "twentyone" */ = {
			isa = XCConfigurationList;
			buildConfigurations = (
				01D7295B29A22C6200DE36A0 /* Debug */,
				01D7295C29A22C6200DE36A0 /* Release */,
			);
			defaultConfigurationIsVisible = 0;
			defaultConfigurationName = Release;
		};
		01D7295D29A22C6200DE36A0 /* Build configuration list for PBXNativeTarget "twentyone" */ = {
			isa = XCConfigurationList;
			buildConfigurations = (
				01D7295E29A22C6200DE36A0 /* Debug */,
				01D7295F29A22C6200DE36A0 /* Release */,
			);
			defaultConfigurationIsVisible = 0;
			defaultConfigurationName = Release;
		};
		01D7297029A22DE200DE36A0 /* Build configuration list for PBXNativeTarget "twentyoneTests" */ = {
			isa = XCConfigurationList;
			buildConfigurations = (
				01D7297129A22DE200DE36A0 /* Debug */,
				01D7297229A22DE200DE36A0 /* Release */,
			);
			defaultConfigurationIsVisible = 0;
			defaultConfigurationName = Release;
		};
/* End XCConfigurationList section */
	};
	rootObject = 01D7294629A22C6200DE36A0 /* Project object */;
}
